{
    "hash": "86069251054ecafac0e16926b396712b",
    "packages": [
        {
            "name": "ruflin/Elastica",
            "version": "dev-connection-refactoring",
            "source": {
                "type": "git",
                "url": "https://github.com/ruflin/Elastica",
                "reference": "9aec5ab6ce5fb816f12e22ab95e475037ec8c432"
            },
            "dist": {
                "type": "zip",
                "url": "https://github.com/ruflin/Elastica/archive/9aec5ab6ce5fb816f12e22ab95e475037ec8c432.zip",
                "reference": "9aec5ab6ce5fb816f12e22ab95e475037ec8c432",
                "shasum": ""
            },
            "require": {
                "php": ">=5.3.0"
            },
            "time": "2013-01-13 14:43:13",
            "type": "library",
            "autoload": {
                "psr-0": {
                    "Elastica": "lib/"
                }
            },
            "notification-url": "https://packagist.org/downloads/",
            "license": [
                "Apache 2.0"
            ],
            "authors": [
                {
                    "name": "Nicolas Ruflin",
                    "homepage": "http://ruflin.com/"
                }
            ],
            "description": "Elasticsearch Client",
            "homepage": "http://ruflin.github.com/Elastica/",
            "keywords": [
                "client",
                "search"
            ]
        }
    ],
    "packages-dev": null,
    "aliases": [

    ],
    "minimum-stability": "dev",
    "stability-flags": {
        "ruflin/elastica": 20
    }
}
